{
  "name": "Projeto-Integrador-SMDN",
  "lockfileVersion": 2,
  "requires": true,
  "packages": {
    "": {
      "dependencies": {
        "react-router": "^7.15.1",
        "react-router-dom": "^7.15.1"
      }
    },
    "node_modules/react": {
      "version": "19.2.6",
      "license": "MIT",
      "peer": true,
      "engines": {
        "node": ">=0.10.0"
      }
    },
    "node_modules/react-dom": {
      "version": "19.2.6",
      "license": "MIT",
      "peer": true,
      "dependencies": {
        "scheduler": "^0.27.0"
      },
      "peerDependencies": {
        "react": "^19.2.6"
      }
    },
    "node_modules/react-router": {
      "version": "7.15.1",
      "resolved": "https://registry.npmjs.org/react-router/-/react-router-7.15.1.tgz",
      "integrity": "sha512-R8rl9HhgikFYoPJymnUtPXWbnDb3oget6lQnfIoupbt61aT9aOhRkDsY2XRhZRyX1Z/8a5sL74fXmFNm3NRK5A==",
      "dependencies": {
        "cookie": "^1.0.1",
        "set-cookie-parser": "^2.6.0"
      },
      "engines": {
        "node": ">=20.0.0"
      },
      "peerDependencies": {
        "react": ">=18",
        "react-dom": ">=18"
      },
      "peerDependenciesMeta": {
        "react-dom": {
          "optional": true
        }
      }
    },
    "node_modules/react-router-dom": {
      "version": "7.15.1",
      "license": "MIT",
      "dependencies": {
        "react-router": "7.15.1"
      },
      "engines": {
        "node": ">=20.0.0"
      },
      "peerDependencies": {
        "react": ">=18",
        "react-dom": ">=18"
      }
    },
    "node_modules/react-router/node_modules/cookie": {
      "version": "1.1.1",
      "license": "MIT",
      "engines": {
        "node": ">=18"
      },
      "funding": {
        "type": "opencollective",
        "url": "https://opencollective.com/express"
      }
    },
    "node_modules/scheduler": {
      "version": "0.27.0",
      "license": "MIT",
      "peer": true
    },
    "node_modules/set-cookie-parser": {
      "version": "2.7.2",
      "license": "MIT"
    }
  },
  "dependencies": {
    "react": {
      "version": "19.2.6",
      "peer": true
    },
    "react-dom": {
      "version": "19.2.6",
      "peer": true,
      "requires": {
        "scheduler": "^0.27.0"
      }
    },
    "react-router": {
      "version": "7.15.1",
      "resolved": "https://registry.npmjs.org/react-router/-/react-router-7.15.1.tgz",
      "integrity": "sha512-R8rl9HhgikFYoPJymnUtPXWbnDb3oget6lQnfIoupbt61aT9aOhRkDsY2XRhZRyX1Z/8a5sL74fXmFNm3NRK5A==",
      "requires": {
        "cookie": "^1.0.1",
        "set-cookie-parser": "^2.6.0"
      },
      "dependencies": {
        "cookie": {
          "version": "1.1.1"
        }
      }
    },
    "react-router-dom": {
      "version": "7.15.1",
      "requires": {
        "react-router": "7.15.1"
      }
    },
    "scheduler": {
      "version": "0.27.0",
      "peer": true
    },
    "set-cookie-parser": {
      "version": "2.7.2"
    }
  }
}
